
Microsoft Visual Studio Solution File, Format Version 12.00
Project("{FAE04EC0-301F-11D3-BF4B-00C04F79EFBC}") = "exo_Animalerie", "exo_Animalerie\exo_Animalerie.csproj", "{CC9B2E9B-5EF4-4E2E-AD18-0AA8E432F6F4}"
EndProject
Global
	GlobalSection(SolutionConfigurationPlatforms) = preSolution
		Debug|Any CPU = Debug|Any CPU
		Release|Any CPU = Release|Any CPU
	EndGlobalSection
	GlobalSection(ProjectConfigurationPlatforms) = postSolution
		{CC9B2E9B-5EF4-4E2E-AD18-0AA8E432F6F4}.Debug|Any CPU.ActiveCfg = Debug|Any CPU
		{CC9B2E9B-5EF4-4E2E-AD18-0AA8E432F6F4}.Debug|Any CPU.Build.0 = Debug|Any CPU
		{CC9B2E9B-5EF4-4E2E-AD18-0AA8E432F6F4}.Release|Any CPU.ActiveCfg = Release|Any CPU
		{CC9B2E9B-5EF4-4E2E-AD18-0AA8E432F6F4}.Release|Any CPU.Build.0 = Release|Any CPU
	EndGlobalSection
EndGlobal
